
Microsoft Visual Studio Solution File, Format Version 12.00
# Visual Studio 2013
VisualStudioVersion = 12.0.31101.0
MinimumVisualStudioVersion = 10.0.40219.1
Project("{FAE04EC0-301F-11D3-BF4B-00C04F79EFBC}") = "pom2.cs", "pom2.cs\pom2.cs.csproj", "{3E88D164-BA02-4363-A3C3-600D18D6FAC0}"
EndProject
Project("{2150E333-8FDC-42A3-9474-1A3956D46DE8}") = ".nuget", ".nuget", "{A3C3490B-56E6-4285-93DA-87B7FC517FD0}"
	ProjectSection(SolutionItems) = preProject
		.nuget\packages.config = .nuget\packages.config
	EndProjectSection
EndProject
Global
	GlobalSection(SolutionConfigurationPlatforms) = preSolution
		Debug|Any CPU = Debug|Any CPU
		Release|Any CPU = Release|Any CPU
	EndGlobalSection
	GlobalSection(ProjectConfigurationPlatforms) = postSolution
		{3E88D164-BA02-4363-A3C3-600D18D6FAC0}.Debug|Any CPU.ActiveCfg = Debug|Any CPU
		{3E88D164-BA02-4363-A3C3-600D18D6FAC0}.Debug|Any CPU.Build.0 = Debug|Any CPU
		{3E88D164-BA02-4363-A3C3-600D18D6FAC0}.Release|Any CPU.ActiveCfg = Release|Any CPU
		{3E88D164-BA02-4363-A3C3-600D18D6FAC0}.Release|Any CPU.Build.0 = Release|Any CPU
	EndGlobalSection
	GlobalSection(SolutionProperties) = preSolution
		HideSolutionNode = FALSE
	EndGlobalSection
EndGlobal
